
Microsoft Visual Studio Solution File, Format Version 12.00
# Visual Studio Version 17
VisualStudioVersion = 17.7.34031.279
MinimumVisualStudioVersion = 10.0.40219.1
Project("{9A19103F-16F7-4668-BE54-9A1E7A4F7556}") = "front-wpf", "front-wpf\front-wpf.csproj", "{E692F406-50CA-4DFA-A2A1-56FCE51F292C}"
EndProject
Global
	GlobalSection(SolutionConfigurationPlatforms) = preSolution
		Debug|Any CPU = Debug|Any CPU
		Release|Any CPU = Release|Any CPU
	EndGlobalSection
	GlobalSection(ProjectConfigurationPlatforms) = postSolution
		{E692F406-50CA-4DFA-A2A1-56FCE51F292C}.Debug|Any CPU.ActiveCfg = Debug|Any CPU
		{E692F406-50CA-4DFA-A2A1-56FCE51F292C}.Debug|Any CPU.Build.0 = Debug|Any CPU
		{E692F406-50CA-4DFA-A2A1-56FCE51F292C}.Release|Any CPU.ActiveCfg = Release|Any CPU
		{E692F406-50CA-4DFA-A2A1-56FCE51F292C}.Release|Any CPU.Build.0 = Release|Any CPU
	EndGlobalSection
	GlobalSection(SolutionProperties) = preSolution
		HideSolutionNode = FALSE
	EndGlobalSection
	GlobalSection(ExtensibilityGlobals) = postSolution
		SolutionGuid = {71F0F9C6-2B1B-4034-94BD-78B0847A279D}
	EndGlobalSection
EndGlobal
